
Microsoft Visual Studio Solution File, Format Version 12.00
# Visual Studio Version 17
VisualStudioVersion = 17.2.32630.192
MinimumVisualStudioVersion = 10.0.40219.1
Project("{9A19103F-16F7-4668-BE54-9A1E7A4F7556}") = "AbstractFactory", "AbstractFactory\AbstractFactory.csproj", "{E44A0828-BEEA-43D4-81CE-34DF7CC41E6B}"
EndProject
Project("{9A19103F-16F7-4668-BE54-9A1E7A4F7556}") = "Builder", "Builder\Builder.csproj", "{BE149359-757E-4D39-B135-0F2902AD7CF2}"
EndProject
Project("{9A19103F-16F7-4668-BE54-9A1E7A4F7556}") = "FactoryMethod", "FactoryMethod\FactoryMethod.csproj", "{42C5041A-031F-48E0-9142-904C8A5F8EA6}"
EndProject
Project("{9A19103F-16F7-4668-BE54-9A1E7A4F7556}") = "Prototype", "Prototype\Prototype.csproj", "{77A4C6D7-6492-48C6-8704-529E4148FBF5}"
EndProject
Project("{9A19103F-16F7-4668-BE54-9A1E7A4F7556}") = "Singleton", "Singleton\Singleton.csproj", "{D47A300E-5F30-4AB8-8C99-05A947761167}"
EndProject
Project("{9A19103F-16F7-4668-BE54-9A1E7A4F7556}") = "Adapter", "Adapter\Adapter.csproj", "{1A95620E-5B7C-4B1C-83F3-DD3BB6AE9E57}"
EndProject
Project("{9A19103F-16F7-4668-BE54-9A1E7A4F7556}") = "Bridge", "Bridge\Bridge.csproj", "{C6E12B3A-E89A-49A2-AFC1-70D24FB4403B}"
EndProject
Project("{9A19103F-16F7-4668-BE54-9A1E7A4F7556}") = "Composite", "Composite\Composite.csproj", "{481766E1-F088-4319-BE9E-9511AFF6E5B9}"
EndProject
Project("{9A19103F-16F7-4668-BE54-9A1E7A4F7556}") = "Decorator", "Decorator\Decorator.csproj", "{D2A89388-221F-4EDA-8DAE-920DF2A2306E}"
EndProject
Project("{FAE04EC0-301F-11D3-BF4B-00C04F79EFBC}") = "Facade", "Facade\Facade.csproj", "{1B3ECDC1-AC4E-4683-9655-96BCBDEF291F}"
EndProject
Project("{FAE04EC0-301F-11D3-BF4B-00C04F79EFBC}") = "Flyweight", "Flyweight\Flyweight.csproj", "{97C325B6-8D83-4941-99F0-265F94C91BD2}"
EndProject
Project("{FAE04EC0-301F-11D3-BF4B-00C04F79EFBC}") = "Proxy", "Proxy\Proxy.csproj", "{5D19CD41-CFC9-4942-B50A-ABDEFB88A7F8}"
EndProject
Project("{FAE04EC0-301F-11D3-BF4B-00C04F79EFBC}") = "ResponsibilityChain", "ResponsibilityChain\ResponsibilityChain.csproj", "{3600C462-F54B-4C0C-AF94-ACF722017954}"
EndProject
Global
	GlobalSection(SolutionConfigurationPlatforms) = preSolution
		Debug|Any CPU = Debug|Any CPU
		Release|Any CPU = Release|Any CPU
	EndGlobalSection
	GlobalSection(ProjectConfigurationPlatforms) = postSolution
		{E44A0828-BEEA-43D4-81CE-34DF7CC41E6B}.Debug|Any CPU.ActiveCfg = Debug|Any CPU
		{E44A0828-BEEA-43D4-81CE-34DF7CC41E6B}.Debug|Any CPU.Build.0 = Debug|Any CPU
		{E44A0828-BEEA-43D4-81CE-34DF7CC41E6B}.Release|Any CPU.ActiveCfg = Release|Any CPU
		{E44A0828-BEEA-43D4-81CE-34DF7CC41E6B}.Release|Any CPU.Build.0 = Release|Any CPU
		{BE149359-757E-4D39-B135-0F2902AD7CF2}.Debug|Any CPU.ActiveCfg = Debug|Any CPU
		{BE149359-757E-4D39-B135-0F2902AD7CF2}.Debug|Any CPU.Build.0 = Debug|Any CPU
		{BE149359-757E-4D39-B135-0F2902AD7CF2}.Release|Any CPU.ActiveCfg = Release|Any CPU
		{BE149359-757E-4D39-B135-0F2902AD7CF2}.Release|Any CPU.Build.0 = Release|Any CPU
		{42C5041A-031F-48E0-9142-904C8A5F8EA6}.Debug|Any CPU.ActiveCfg = Debug|Any CPU
		{42C5041A-031F-48E0-9142-904C8A5F8EA6}.Debug|Any CPU.Build.0 = Debug|Any CPU
		{42C5041A-031F-48E0-9142-904C8A5F8EA6}.Release|Any CPU.ActiveCfg = Release|Any CPU
		{42C5041A-031F-48E0-9142-904C8A5F8EA6}.Release|Any CPU.Build.0 = Release|Any CPU
		{77A4C6D7-6492-48C6-8704-529E4148FBF5}.Debug|Any CPU.ActiveCfg = Debug|Any CPU
		{77A4C6D7-6492-48C6-8704-529E4148FBF5}.Debug|Any CPU.Build.0 = Debug|Any CPU
		{77A4C6D7-6492-48C6-8704-529E4148FBF5}.Release|Any CPU.ActiveCfg = Release|Any CPU
		{77A4C6D7-6492-48C6-8704-529E4148FBF5}.Release|Any CPU.Build.0 = Release|Any CPU
		{D47A300E-5F30-4AB8-8C99-05A947761167}.Debug|Any CPU.ActiveCfg = Debug|Any CPU
		{D47A300E-5F30-4AB8-8C99-05A947761167}.Debug|Any CPU.Build.0 = Debug|Any CPU
		{D47A300E-5F30-4AB8-8C99-05A947761167}.Release|Any CPU.ActiveCfg = Release|Any CPU
		{D47A300E-5F30-4AB8-8C99-05A947761167}.Release|Any CPU.Build.0 = Release|Any CPU
		{1A95620E-5B7C-4B1C-83F3-DD3BB6AE9E57}.Debug|Any CPU.ActiveCfg = Debug|Any CPU
		{1A95620E-5B7C-4B1C-83F3-DD3BB6AE9E57}.Debug|Any CPU.Build.0 = Debug|Any CPU
		{1A95620E-5B7C-4B1C-83F3-DD3BB6AE9E57}.Release|Any CPU.ActiveCfg = Release|Any CPU
		{1A95620E-5B7C-4B1C-83F3-DD3BB6AE9E57}.Release|Any CPU.Build.0 = Release|Any CPU
		{C6E12B3A-E89A-49A2-AFC1-70D24FB4403B}.Debug|Any CPU.ActiveCfg = Debug|Any CPU
		{C6E12B3A-E89A-49A2-AFC1-70D24FB4403B}.Debug|Any CPU.Build.0 = Debug|Any CPU
		{C6E12B3A-E89A-49A2-AFC1-70D24FB4403B}.Release|Any CPU.ActiveCfg = Release|Any CPU
		{C6E12B3A-E89A-49A2-AFC1-70D24FB4403B}.Release|Any CPU.Build.0 = Release|Any CPU
		{481766E1-F088-4319-BE9E-9511AFF6E5B9}.Debug|Any CPU.ActiveCfg = Debug|Any CPU
		{481766E1-F088-4319-BE9E-9511AFF6E5B9}.Debug|Any CPU.Build.0 = Debug|Any CPU
		{481766E1-F088-4319-BE9E-9511AFF6E5B9}.Release|Any CPU.ActiveCfg = Release|Any CPU
		{481766E1-F088-4319-BE9E-9511AFF6E5B9}.Release|Any CPU.Build.0 = Release|Any CPU
		{D2A89388-221F-4EDA-8DAE-920DF2A2306E}.Debug|Any CPU.ActiveCfg = Debug|Any CPU
		{D2A89388-221F-4EDA-8DAE-920DF2A2306E}.Debug|Any CPU.Build.0 = Debug|Any CPU
		{D2A89388-221F-4EDA-8DAE-920DF2A2306E}.Release|Any CPU.ActiveCfg = Release|Any CPU
		{D2A89388-221F-4EDA-8DAE-920DF2A2306E}.Release|Any CPU.Build.0 = Release|Any CPU
		{1B3ECDC1-AC4E-4683-9655-96BCBDEF291F}.Debug|Any CPU.ActiveCfg = Debug|Any CPU
		{1B3ECDC1-AC4E-4683-9655-96BCBDEF291F}.Debug|Any CPU.Build.0 = Debug|Any CPU
		{1B3ECDC1-AC4E-4683-9655-96BCBDEF291F}.Release|Any CPU.ActiveCfg = Release|Any CPU
		{1B3ECDC1-AC4E-4683-9655-96BCBDEF291F}.Release|Any CPU.Build.0 = Release|Any CPU
		{97C325B6-8D83-4941-99F0-265F94C91BD2}.Debug|Any CPU.ActiveCfg = Debug|Any CPU
		{97C325B6-8D83-4941-99F0-265F94C91BD2}.Debug|Any CPU.Build.0 = Debug|Any CPU
		{97C325B6-8D83-4941-99F0-265F94C91BD2}.Release|Any CPU.ActiveCfg = Release|Any CPU
		{97C325B6-8D83-4941-99F0-265F94C91BD2}.Release|Any CPU.Build.0 = Release|Any CPU
		{5D19CD41-CFC9-4942-B50A-ABDEFB88A7F8}.Debug|Any CPU.ActiveCfg = Debug|Any CPU
		{5D19CD41-CFC9-4942-B50A-ABDEFB88A7F8}.Debug|Any CPU.Build.0 = Debug|Any CPU
		{5D19CD41-CFC9-4942-B50A-ABDEFB88A7F8}.Release|Any CPU.ActiveCfg = Release|Any CPU
		{5D19CD41-CFC9-4942-B50A-ABDEFB88A7F8}.Release|Any CPU.Build.0 = Release|Any CPU
		{3600C462-F54B-4C0C-AF94-ACF722017954}.Debug|Any CPU.ActiveCfg = Debug|Any CPU
		{3600C462-F54B-4C0C-AF94-ACF722017954}.Debug|Any CPU.Build.0 = Debug|Any CPU
		{3600C462-F54B-4C0C-AF94-ACF722017954}.Release|Any CPU.ActiveCfg = Release|Any CPU
		{3600C462-F54B-4C0C-AF94-ACF722017954}.Release|Any CPU.Build.0 = Release|Any CPU
	EndGlobalSection
	GlobalSection(SolutionProperties) = preSolution
		HideSolutionNode = FALSE
	EndGlobalSection
	GlobalSection(ExtensibilityGlobals) = postSolution
		SolutionGuid = {D693127F-AC6A-4817-96E8-E0E15CA3E000}
	EndGlobalSection
EndGlobal
